Microsoft Visual Studio Solution File, Format Version 12.00
# Visual Studio 15
Project("{8BC9CEB8-8B4A-11D0-8D11-00A0C91BC942}") = "ALL_BUILD", "ALL_BUILD.vcxproj", "{DD0DBAC8-5024-3AA2-82E0-56F5124BF833}"
	ProjectSection(ProjectDependencies) = postProject
		{ED79E164-DC72-3317-AD25-DFA875C98B22} = {ED79E164-DC72-3317-AD25-DFA875C98B22}
		{28D39CD9-CF09-324E-A5F1-31F73DB2C66A} = {28D39CD9-CF09-324E-A5F1-31F73DB2C66A}
		{2AD14772-9B8E-33A1-821F-7EB1E5D83D02} = {2AD14772-9B8E-33A1-821F-7EB1E5D83D02}
		{992050F1-5F32-3239-91EF-B9515E0F1668} = {992050F1-5F32-3239-91EF-B9515E0F1668}
		{1532EC92-52AC-3430-BB17-8BF6F280164C} = {1532EC92-52AC-3430-BB17-8BF6F280164C}
		{846C0510-0104-39D7-920B-9C9A6562DD99} = {846C0510-0104-39D7-920B-9C9A6562DD99}
		{5E39F693-743B-33ED-8B14-85DE06EA7001} = {5E39F693-743B-33ED-8B14-85DE06EA7001}
		{9D1C53CF-9A7D-3376-9030-F1A605E3C165} = {9D1C53CF-9A7D-3376-9030-F1A605E3C165}
	EndProjectSection
EndProject
Project("{8BC9CEB8-8B4A-11D0-8D11-00A0C91BC942}") = "OscDump", "OscDump.vcxproj", "{ED79E164-DC72-3317-AD25-DFA875C98B22}"
	ProjectSection(ProjectDependencies) = postProject
		{5E39F693-743B-33ED-8B14-85DE06EA7001} = {5E39F693-743B-33ED-8B14-85DE06EA7001}
		{9D1C53CF-9A7D-3376-9030-F1A605E3C165} = {9D1C53CF-9A7D-3376-9030-F1A605E3C165}
	EndProjectSection
EndProject
Project("{8BC9CEB8-8B4A-11D0-8D11-00A0C91BC942}") = "OscReceiveTest", "OscReceiveTest.vcxproj", "{28D39CD9-CF09-324E-A5F1-31F73DB2C66A}"
	ProjectSection(ProjectDependencies) = postProject
		{5E39F693-743B-33ED-8B14-85DE06EA7001} = {5E39F693-743B-33ED-8B14-85DE06EA7001}
		{9D1C53CF-9A7D-3376-9030-F1A605E3C165} = {9D1C53CF-9A7D-3376-9030-F1A605E3C165}
	EndProjectSection
EndProject
Project("{8BC9CEB8-8B4A-11D0-8D11-00A0C91BC942}") = "OscSendTests", "OscSendTests.vcxproj", "{2AD14772-9B8E-33A1-821F-7EB1E5D83D02}"
	ProjectSection(ProjectDependencies) = postProject
		{5E39F693-743B-33ED-8B14-85DE06EA7001} = {5E39F693-743B-33ED-8B14-85DE06EA7001}
		{9D1C53CF-9A7D-3376-9030-F1A605E3C165} = {9D1C53CF-9A7D-3376-9030-F1A605E3C165}
	EndProjectSection
EndProject
Project("{8BC9CEB8-8B4A-11D0-8D11-00A0C91BC942}") = "OscUnitTests", "OscUnitTests.vcxproj", "{992050F1-5F32-3239-91EF-B9515E0F1668}"
	ProjectSection(ProjectDependencies) = postProject
		{5E39F693-743B-33ED-8B14-85DE06EA7001} = {5E39F693-743B-33ED-8B14-85DE06EA7001}
		{9D1C53CF-9A7D-3376-9030-F1A605E3C165} = {9D1C53CF-9A7D-3376-9030-F1A605E3C165}
	EndProjectSection
EndProject
Project("{8BC9CEB8-8B4A-11D0-8D11-00A0C91BC942}") = "SimpleReceive", "SimpleReceive.vcxproj", "{1532EC92-52AC-3430-BB17-8BF6F280164C}"
	ProjectSection(ProjectDependencies) = postProject
		{5E39F693-743B-33ED-8B14-85DE06EA7001} = {5E39F693-743B-33ED-8B14-85DE06EA7001}
		{9D1C53CF-9A7D-3376-9030-F1A605E3C165} = {9D1C53CF-9A7D-3376-9030-F1A605E3C165}
	EndProjectSection
EndProject
Project("{8BC9CEB8-8B4A-11D0-8D11-00A0C91BC942}") = "SimpleSend", "SimpleSend.vcxproj", "{846C0510-0104-39D7-920B-9C9A6562DD99}"
	ProjectSection(ProjectDependencies) = postProject
		{5E39F693-743B-33ED-8B14-85DE06EA7001} = {5E39F693-743B-33ED-8B14-85DE06EA7001}
		{9D1C53CF-9A7D-3376-9030-F1A605E3C165} = {9D1C53CF-9A7D-3376-9030-F1A605E3C165}
	EndProjectSection
EndProject
Project("{8BC9CEB8-8B4A-11D0-8D11-00A0C91BC942}") = "ZERO_CHECK", "ZERO_CHECK.vcxproj", "{5E39F693-743B-33ED-8B14-85DE06EA7001}"
	ProjectSection(ProjectDependencies) = postProject
	EndProjectSection
EndProject
Project("{8BC9CEB8-8B4A-11D0-8D11-00A0C91BC942}") = "oscpack", "oscpack.vcxproj", "{9D1C53CF-9A7D-3376-9030-F1A605E3C165}"
	ProjectSection(ProjectDependencies) = postProject
		{5E39F693-743B-33ED-8B14-85DE06EA7001} = {5E39F693-743B-33ED-8B14-85DE06EA7001}
	EndProjectSection
EndProject
Global
	GlobalSection(SolutionConfigurationPlatforms) = preSolution
		Debug|x64 = Debug|x64
	EndGlobalSection
	GlobalSection(ProjectConfigurationPlatforms) = postSolution
		{DD0DBAC8-5024-3AA2-82E0-56F5124BF833}.Debug|x64.ActiveCfg = Debug|x64
		{ED79E164-DC72-3317-AD25-DFA875C98B22}.Debug|x64.ActiveCfg = Debug|x64
		{ED79E164-DC72-3317-AD25-DFA875C98B22}.Debug|x64.Build.0 = Debug|x64
		{28D39CD9-CF09-324E-A5F1-31F73DB2C66A}.Debug|x64.ActiveCfg = Debug|x64
		{28D39CD9-CF09-324E-A5F1-31F73DB2C66A}.Debug|x64.Build.0 = Debug|x64
		{2AD14772-9B8E-33A1-821F-7EB1E5D83D02}.Debug|x64.ActiveCfg = Debug|x64
		{2AD14772-9B8E-33A1-821F-7EB1E5D83D02}.Debug|x64.Build.0 = Debug|x64
		{992050F1-5F32-3239-91EF-B9515E0F1668}.Debug|x64.ActiveCfg = Debug|x64
		{992050F1-5F32-3239-91EF-B9515E0F1668}.Debug|x64.Build.0 = Debug|x64
		{1532EC92-52AC-3430-BB17-8BF6F280164C}.Debug|x64.ActiveCfg = Debug|x64
		{1532EC92-52AC-3430-BB17-8BF6F280164C}.Debug|x64.Build.0 = Debug|x64
		{846C0510-0104-39D7-920B-9C9A6562DD99}.Debug|x64.ActiveCfg = Debug|x64
		{846C0510-0104-39D7-920B-9C9A6562DD99}.Debug|x64.Build.0 = Debug|x64
		{5E39F693-743B-33ED-8B14-85DE06EA7001}.Debug|x64.ActiveCfg = Debug|x64
		{5E39F693-743B-33ED-8B14-85DE06EA7001}.Debug|x64.Build.0 = Debug|x64
		{9D1C53CF-9A7D-3376-9030-F1A605E3C165}.Debug|x64.ActiveCfg = Debug|x64
		{9D1C53CF-9A7D-3376-9030-F1A605E3C165}.Debug|x64.Build.0 = Debug|x64
	EndGlobalSection
	GlobalSection(ExtensibilityGlobals) = postSolution
	EndGlobalSection
	GlobalSection(ExtensibilityAddIns) = postSolution
	EndGlobalSection
EndGlobal
